// !$*UTF8*$!
{
	archiveVersion = 1;
	classes = {
	};
	objectVersion = 56;
	objects = {

/* Begin PBXBuildFile section */
		BB17EB622A87649A0091023F /* AppState.swift in Sources */ = {isa = PBXBuildFile; fileRef = BB17EB612A87649A0091023F /* AppState.swift */; };
		BB17EB812A878BE40091023F /* JetBrainsMono-Medium.ttf in Resources */ = {isa = PBXBuildFile; fileRef = BB17EB7D2A878BE40091023F /* JetBrainsMono-Medium.ttf */; };
		BB17EB822A878BE40091023F /* JetBrainsMono-Bold.ttf in Resources */ = {isa = PBXBuildFile; fileRef = BB17EB7E2A878BE40091023F /* JetBrainsMono-Bold.ttf */; };
		BB17EB832A878BE40091023F /* JetBrainsMono-SemiBold.ttf in Resources */ = {isa = PBXBuildFile; fileRef = BB17EB7F2A878BE40091023F /* JetBrainsMono-SemiBold.ttf */; };
		BB17EB842A878BE40091023F /* JetBrainsMono-Regular.ttf in Resources */ = {isa = PBXBuildFile; fileRef = BB17EB802A878BE40091023F /* JetBrainsMono-Regular.ttf */; };
		BB17EB862A878E530091023F /* SearchTextField.swift in Sources */ = {isa = PBXBuildFile; fileRef = BB17EB852A878E530091023F /* SearchTextField.swift */; };
		BB17EB882A87972F0091023F /* CategoryData.swift in Sources */ = {isa = PBXBuildFile; fileRef = BB17EB872A87972F0091023F /* CategoryData.swift */; };
		BB17EB8A2A87A2320091023F /* HomeBannerItemView.swift in Sources */ = {isa = PBXBuildFile; fileRef = BB17EB892A87A2320091023F /* HomeBannerItemView.swift */; };
		BB17EB8C2A87A2650091023F /* HomeCategoryItemView.swift in Sources */ = {isa = PBXBuildFile; fileRef = BB17EB8B2A87A2650091023F /* HomeCategoryItemView.swift */; };
		BB17EB8E2A87A2CF0091023F /* HomeProductItemView.swift in Sources */ = {isa = PBXBuildFile; fileRef = BB17EB8D2A87A2CF0091023F /* HomeProductItemView.swift */; };
		BB17EB902A87A3840091023F /* HomeSecationHeaderView.swift in Sources */ = {isa = PBXBuildFile; fileRef = BB17EB8F2A87A3840091023F /* HomeSecationHeaderView.swift */; };
		BB17EB922A87A6690091023F /* HomeStoreItemView.swift in Sources */ = {isa = PBXBuildFile; fileRef = BB17EB912A87A6690091023F /* HomeStoreItemView.swift */; };
		BB17EB942A87AE9E0091023F /* OffsetScrollView.swift in Sources */ = {isa = PBXBuildFile; fileRef = BB17EB932A87AE9E0091023F /* OffsetScrollView.swift */; };
		BB17EB962A87E4EC0091023F /* ToastView.swift in Sources */ = {isa = PBXBuildFile; fileRef = BB17EB952A87E4EC0091023F /* ToastView.swift */; };
		BB17EB982A87E7B70091023F /* NavView.swift in Sources */ = {isa = PBXBuildFile; fileRef = BB17EB972A87E7B70091023F /* NavView.swift */; };
		BB4EB8D42A8552C500550B96 /* RequestOTPView.swift in Sources */ = {isa = PBXBuildFile; fileRef = BB4EB8D32A8552C500550B96 /* RequestOTPView.swift */; };
		BB55C6612A85DE5500A13DFC /* VerifyOTPView.swift in Sources */ = {isa = PBXBuildFile; fileRef = BB55C6602A85DE5500A13DFC /* VerifyOTPView.swift */; };
		BB55C6632A85E58200A13DFC /* OTPView.swift in Sources */ = {isa = PBXBuildFile; fileRef = BB55C6622A85E58200A13DFC /* OTPView.swift */; };
		BB55C6682A86097100A13DFC /* HomeView.swift in Sources */ = {isa = PBXBuildFile; fileRef = BB55C6672A86097100A13DFC /* HomeView.swift */; };
		BB55C66B2A86099200A13DFC /* BrowseView.swift in Sources */ = {isa = PBXBuildFile; fileRef = BB55C66A2A86099200A13DFC /* BrowseView.swift */; };
		BB55C66E2A86099E00A13DFC /* StoreView.swift in Sources */ = {isa = PBXBuildFile; fileRef = BB55C66D2A86099E00A13DFC /* StoreView.swift */; };
		BB55C6712A8609B300A13DFC /* OrderView.swift in Sources */ = {isa = PBXBuildFile; fileRef = BB55C6702A8609B300A13DFC /* OrderView.swift */; };
		BB55C6742A8609BE00A13DFC /* ProfileView.swift in Sources */ = {isa = PBXBuildFile; fileRef = BB55C6732A8609BE00A13DFC /* ProfileView.swift */; };
		BB55C67A2A860A2D00A13DFC /* RootView.swift in Sources */ = {isa = PBXBuildFile; fileRef = BB55C6792A860A2D00A13DFC /* RootView.swift */; };
		BB55C67C2A862F7D00A13DFC /* AppDelegate.swift in Sources */ = {isa = PBXBuildFile; fileRef = BB55C67B2A862F7D00A13DFC /* AppDelegate.swift */; };
		BBC1058F2A833EB0001DD9BF /* TradlyApp.swift in Sources */ = {isa = PBXBuildFile; fileRef = BBC1058E2A833EB0001DD9BF /* TradlyApp.swift */; };
		BBC105932A833EB1001DD9BF /* Assets.xcassets in Resources */ = {isa = PBXBuildFile; fileRef = BBC105922A833EB1001DD9BF /* Assets.xcassets */; };
		BBC105962A833EB1001DD9BF /* Preview Assets.xcassets in Resources */ = {isa = PBXBuildFile; fileRef = BBC105952A833EB1001DD9BF /* Preview Assets.xcassets */; };
		BBC105A72A834049001DD9BF /* Colors.swift in Sources */ = {isa = PBXBuildFile; fileRef = BBC105A62A834049001DD9BF /* Colors.swift */; };
		BBC105A92A8344B7001DD9BF /* Images.swift in Sources */ = {isa = PBXBuildFile; fileRef = BBC105A82A8344B7001DD9BF /* Images.swift */; };
		BBC105BF2A834A6E001DD9BF /* LaunchView.swift in Sources */ = {isa = PBXBuildFile; fileRef = BBC105BE2A834A6E001DD9BF /* LaunchView.swift */; };
		BBC105C22A834AB8001DD9BF /* OnboardingView.swift in Sources */ = {isa = PBXBuildFile; fileRef = BBC105C12A834AB8001DD9BF /* OnboardingView.swift */; };
		BBC105C42A834AD2001DD9BF /* Fonts.swift in Sources */ = {isa = PBXBuildFile; fileRef = BBC105C32A834AD2001DD9BF /* Fonts.swift */; };
		BBC105C72A83650D001DD9BF /* OnboardingData.swift in Sources */ = {isa = PBXBuildFile; fileRef = BBC105C62A83650D001DD9BF /* OnboardingData.swift */; };
		BBE48E132A8494D60059BF14 /* LoginView.swift in Sources */ = {isa = PBXBuildFile; fileRef = BBE48E122A8494D60059BF14 /* LoginView.swift */; };
		BBE48E162A84A6C40059BF14 /* TextField.swift in Sources */ = {isa = PBXBuildFile; fileRef = BBE48E152A84A6C40059BF14 /* TextField.swift */; };
		BBE48E1A2A84E0150059BF14 /* PrimaryTextField.swift in Sources */ = {isa = PBXBuildFile; fileRef = BBE48E192A84E0150059BF14 /* PrimaryTextField.swift */; };
		BBE48E1C2A84E2E20059BF14 /* PrimaryButton.swift in Sources */ = {isa = PBXBuildFile; fileRef = BBE48E1B2A84E2E20059BF14 /* PrimaryButton.swift */; };
		BBE4CF932A8537A10005B2CA /* SignUpView.swift in Sources */ = {isa = PBXBuildFile; fileRef = BBE4CF922A8537A10005B2CA /* SignUpView.swift */; };
/* End PBXBuildFile section */

/* Begin PBXFileReference section */
		BB17EB612A87649A0091023F /* AppState.swift */ = {isa = PBXFileReference; lastKnownFileType = sourcecode.swift; path = AppState.swift; sourceTree = "<group>"; };
		BB17EB7D2A878BE40091023F /* JetBrainsMono-Medium.ttf */ = {isa = PBXFileReference; lastKnownFileType = file; path = "JetBrainsMono-Medium.ttf"; sourceTree = "<group>"; };
		BB17EB7E2A878BE40091023F /* JetBrainsMono-Bold.ttf */ = {isa = PBXFileReference; lastKnownFileType = file; path = "JetBrainsMono-Bold.ttf"; sourceTree = "<group>"; };
		BB17EB7F2A878BE40091023F /* JetBrainsMono-SemiBold.ttf */ = {isa = PBXFileReference; lastKnownFileType = file; path = "JetBrainsMono-SemiBold.ttf"; sourceTree = "<group>"; };
		BB17EB802A878BE40091023F /* JetBrainsMono-Regular.ttf */ = {isa = PBXFileReference; lastKnownFileType = file; path = "JetBrainsMono-Regular.ttf"; sourceTree = "<group>"; };
		BB17EB852A878E530091023F /* SearchTextField.swift */ = {isa = PBXFileReference; lastKnownFileType = sourcecode.swift; path = SearchTextField.swift; sourceTree = "<group>"; };
		BB17EB872A87972F0091023F /* CategoryData.swift */ = {isa = PBXFileReference; lastKnownFileType = sourcecode.swift; path = CategoryData.swift; sourceTree = "<group>"; };
		BB17EB892A87A2320091023F /* HomeBannerItemView.swift */ = {isa = PBXFileReference; lastKnownFileType = sourcecode.swift; path = HomeBannerItemView.swift; sourceTree = "<group>"; };
		BB17EB8B2A87A2650091023F /* HomeCategoryItemView.swift */ = {isa = PBXFileReference; lastKnownFileType = sourcecode.swift; path = HomeCategoryItemView.swift; sourceTree = "<group>"; };
		BB17EB8D2A87A2CF0091023F /* HomeProductItemView.swift */ = {isa = PBXFileReference; lastKnownFileType = sourcecode.swift; path = HomeProductItemView.swift; sourceTree = "<group>"; };
		BB17EB8F2A87A3840091023F /* HomeSecationHeaderView.swift */ = {isa = PBXFileReference; lastKnownFileType = sourcecode.swift; path = HomeSecationHeaderView.swift; sourceTree = "<group>"; };
		BB17EB912A87A6690091023F /* HomeStoreItemView.swift */ = {isa = PBXFileReference; lastKnownFileType = sourcecode.swift; path = HomeStoreItemView.swift; sourceTree = "<group>"; };
		BB17EB932A87AE9E0091023F /* OffsetScrollView.swift */ = {isa = PBXFileReference; lastKnownFileType = sourcecode.swift; path = OffsetScrollView.swift; sourceTree = "<group>"; };
		BB17EB952A87E4EC0091023F /* ToastView.swift */ = {isa = PBXFileReference; lastKnownFileType = sourcecode.swift; path = ToastView.swift; sourceTree = "<group>"; };
		BB17EB972A87E7B70091023F /* NavView.swift */ = {isa = PBXFileReference; lastKnownFileType = sourcecode.swift; path = NavView.swift; sourceTree = "<group>"; };
		BB4EB8D32A8552C500550B96 /* RequestOTPView.swift */ = {isa = PBXFileReference; lastKnownFileType = sourcecode.swift; path = RequestOTPView.swift; sourceTree = "<group>"; };
		BB55C6602A85DE5500A13DFC /* VerifyOTPView.swift */ = {isa = PBXFileReference; lastKnownFileType = sourcecode.swift; path = VerifyOTPView.swift; sourceTree = "<group>"; };
		BB55C6622A85E58200A13DFC /* OTPView.swift */ = {isa = PBXFileReference; lastKnownFileType = sourcecode.swift; path = OTPView.swift; sourceTree = "<group>"; };
		BB55C6672A86097100A13DFC /* HomeView.swift */ = {isa = PBXFileReference; lastKnownFileType = sourcecode.swift; path = HomeView.swift; sourceTree = "<group>"; };
		BB55C66A2A86099200A13DFC /* BrowseView.swift */ = {isa = PBXFileReference; lastKnownFileType = sourcecode.swift; path = BrowseView.swift; sourceTree = "<group>"; };
		BB55C66D2A86099E00A13DFC /* StoreView.swift */ = {isa = PBXFileReference; lastKnownFileType = sourcecode.swift; path = StoreView.swift; sourceTree = "<group>"; };
		BB55C6702A8609B300A13DFC /* OrderView.swift */ = {isa = PBXFileReference; lastKnownFileType = sourcecode.swift; path = OrderView.swift; sourceTree = "<group>"; };
		BB55C6732A8609BE00A13DFC /* ProfileView.swift */ = {isa = PBXFileReference; lastKnownFileType = sourcecode.swift; path = ProfileView.swift; sourceTree = "<group>"; };
		BB55C6792A860A2D00A13DFC /* RootView.swift */ = {isa = PBXFileReference; lastKnownFileType = sourcecode.swift; path = RootView.swift; sourceTree = "<group>"; };
		BB55C67B2A862F7D00A13DFC /* AppDelegate.swift */ = {isa = PBXFileReference; lastKnownFileType = sourcecode.swift; path = AppDelegate.swift; sourceTree = "<group>"; };
		BBC1058B2A833EB0001DD9BF /* Tradly.app */ = {isa = PBXFileReference; explicitFileType = wrapper.application; includeInIndex = 0; path = Tradly.app; sourceTree = BUILT_PRODUCTS_DIR; };
		BBC1058E2A833EB0001DD9BF /* TradlyApp.swift */ = {isa = PBXFileReference; lastKnownFileType = sourcecode.swift; path = TradlyApp.swift; sourceTree = "<group>"; };
		BBC105922A833EB1001DD9BF /* Assets.xcassets */ = {isa = PBXFileReference; lastKnownFileType = folder.assetcatalog; path = Assets.xcassets; sourceTree = "<group>"; };
		BBC105952A833EB1001DD9BF /* Preview Assets.xcassets */ = {isa = PBXFileReference; lastKnownFileType = folder.assetcatalog; path = "Preview Assets.xcassets"; sourceTree = "<group>"; };
		BBC105A62A834049001DD9BF /* Colors.swift */ = {isa = PBXFileReference; lastKnownFileType = sourcecode.swift; path = Colors.swift; sourceTree = "<group>"; };
		BBC105A82A8344B7001DD9BF /* Images.swift */ = {isa = PBXFileReference; lastKnownFileType = sourcecode.swift; path = Images.swift; sourceTree = "<group>"; };
		BBC105BC2A834919001DD9BF /* Info.plist */ = {isa = PBXFileReference; lastKnownFileType = text.plist; path = Info.plist; sourceTree = "<group>"; };
		BBC105BE2A834A6E001DD9BF /* LaunchView.swift */ = {isa = PBXFileReference; lastKnownFileType = sourcecode.swift; path = LaunchView.swift; sourceTree = "<group>"; };
		BBC105C12A834AB8001DD9BF /* OnboardingView.swift */ = {isa = PBXFileReference; lastKnownFileType = sourcecode.swift; path = OnboardingView.swift; sourceTree = "<group>"; };
		BBC105C32A834AD2001DD9BF /* Fonts.swift */ = {isa = PBXFileReference; lastKnownFileType = sourcecode.swift; path = Fonts.swift; sourceTree = "<group>"; };
		BBC105C62A83650D001DD9BF /* OnboardingData.swift */ = {isa = PBXFileReference; lastKnownFileType = sourcecode.swift; path = OnboardingData.swift; sourceTree = "<group>"; };
		BBE48E122A8494D60059BF14 /* LoginView.swift */ = {isa = PBXFileReference; lastKnownFileType = sourcecode.swift; path = LoginView.swift; sourceTree = "<group>"; };
		BBE48E152A84A6C40059BF14 /* TextField.swift */ = {isa = PBXFileReference; lastKnownFileType = sourcecode.swift; path = TextField.swift; sourceTree = "<group>"; };
		BBE48E192A84E0150059BF14 /* PrimaryTextField.swift */ = {isa = PBXFileReference; lastKnownFileType = sourcecode.swift; path = PrimaryTextField.swift; sourceTree = "<group>"; };
		BBE48E1B2A84E2E20059BF14 /* PrimaryButton.swift */ = {isa = PBXFileReference; lastKnownFileType = sourcecode.swift; path = PrimaryButton.swift; sourceTree = "<group>"; };
		BBE4CF922A8537A10005B2CA /* SignUpView.swift */ = {isa = PBXFileReference; lastKnownFileType = sourcecode.swift; path = SignUpView.swift; sourceTree = "<group>"; };
/* End PBXFileReference section */

/* Begin PBXFrameworksBuildPhase section */
		BBC105882A833EB0001DD9BF /* Frameworks */ = {
			isa = PBXFrameworksBuildPhase;
			buildActionMask = 2147483647;
			files = (
			);
			runOnlyForDeploymentPostprocessing = 0;
		};
/* End PBXFrameworksBuildPhase section */

/* Begin PBXGroup section */
		BB4EB8D22A8552B100550B96 /* RequestOTP */ = {
			isa = PBXGroup;
			children = (
				BB4EB8D32A8552C500550B96 /* RequestOTPView.swift */,
			);
			path = RequestOTP;
			sourceTree = "<group>";
		};
		BB55C65F2A85DE4500A13DFC /* VerifyOTP */ = {
			isa = PBXGroup;
			children = (
				BB55C6602A85DE5500A13DFC /* VerifyOTPView.swift */,
			);
			path = VerifyOTP;
			sourceTree = "<group>";
		};
		BB55C6642A86091B00A13DFC /* Launch */ = {
			isa = PBXGroup;
			children = (
				BBC105BE2A834A6E001DD9BF /* LaunchView.swift */,
			);
			path = Launch;
			sourceTree = "<group>";
		};
		BB55C6652A86092800A13DFC /* Auth */ = {
			isa = PBXGroup;
			children = (
				BBE48E112A8494CB0059BF14 /* Login */,
				BBE4CF912A85378F0005B2CA /* SignUp */,
				BB4EB8D22A8552B100550B96 /* RequestOTP */,
				BB55C65F2A85DE4500A13DFC /* VerifyOTP */,
			);
			path = Auth;
			sourceTree = "<group>";
		};
		BB55C6662A86095800A13DFC /* Home */ = {
			isa = PBXGroup;
			children = (
				BB55C6672A86097100A13DFC /* HomeView.swift */,
				BB17EB892A87A2320091023F /* HomeBannerItemView.swift */,
				BB17EB8B2A87A2650091023F /* HomeCategoryItemView.swift */,
				BB17EB8F2A87A3840091023F /* HomeSecationHeaderView.swift */,
				BB17EB8D2A87A2CF0091023F /* HomeProductItemView.swift */,
				BB17EB912A87A6690091023F /* HomeStoreItemView.swift */,
			);
			path = Home;
			sourceTree = "<group>";
		};
		BB55C6692A86098900A13DFC /* Browse */ = {
			isa = PBXGroup;
			children = (
				BB55C66A2A86099200A13DFC /* BrowseView.swift */,
			);
			path = Browse;
			sourceTree = "<group>";
		};
		BB55C66C2A86099600A13DFC /* Store */ = {
			isa = PBXGroup;
			children = (
				BB55C66D2A86099E00A13DFC /* StoreView.swift */,
			);
			path = Store;
			sourceTree = "<group>";
		};
		BB55C66F2A8609A000A13DFC /* Order */ = {
			isa = PBXGroup;
			children = (
				BB55C6702A8609B300A13DFC /* OrderView.swift */,
			);
			path = Order;
			sourceTree = "<group>";
		};
		BB55C6722A8609B600A13DFC /* Profile */ = {
			isa = PBXGroup;
			children = (
				BB55C6732A8609BE00A13DFC /* ProfileView.swift */,
			);
			path = Profile;
			sourceTree = "<group>";
		};
		BB55C6752A8609C500A13DFC /* Tab */ = {
			isa = PBXGroup;
			children = (
				BB55C6762A8609E200A13DFC /* Tab */,
				BB55C6662A86095800A13DFC /* Home */,
				BB55C6692A86098900A13DFC /* Browse */,
				BB55C66C2A86099600A13DFC /* Store */,
				BB55C66F2A8609A000A13DFC /* Order */,
				BB55C6722A8609B600A13DFC /* Profile */,
			);
			path = Tab;
			sourceTree = "<group>";
		};
		BB55C6762A8609E200A13DFC /* Tab */ = {
			isa = PBXGroup;
			children = (
				BB55C6792A860A2D00A13DFC /* RootView.swift */,
			);
			path = Tab;
			sourceTree = "<group>";
		};
		BBC105822A833EB0001DD9BF = {
			isa = PBXGroup;
			children = (
				BBC1058D2A833EB0001DD9BF /* Tradly */,
				BBC1058C2A833EB0001DD9BF /* Products */,
			);
			sourceTree = "<group>";
		};
		BBC1058C2A833EB0001DD9BF /* Products */ = {
			isa = PBXGroup;
			children = (
				BBC1058B2A833EB0001DD9BF /* Tradly.app */,
			);
			name = Products;
			sourceTree = "<group>";
		};
		BBC1058D2A833EB0001DD9BF /* Tradly */ = {
			isa = PBXGroup;
			children = (
				BBC105BC2A834919001DD9BF /* Info.plist */,
				BBC1059C2A833F04001DD9BF /* App */,
				BBC1059F2A833F1C001DD9BF /* Utility */,
				BBC105C52A8364FC001DD9BF /* Domain */,
				BBE48E142A84A6B30059BF14 /* Modifiers */,
				BBC1059E2A833F10001DD9BF /* Views */,
				BBC1059D2A833F09001DD9BF /* Scenes */,
				BBC105A02A833F27001DD9BF /* Resources */,
				BBC105942A833EB1001DD9BF /* Preview Content */,
			);
			path = Tradly;
			sourceTree = "<group>";
		};
		BBC105942A833EB1001DD9BF /* Preview Content */ = {
			isa = PBXGroup;
			children = (
				BBC105952A833EB1001DD9BF /* Preview Assets.xcassets */,
			);
			path = "Preview Content";
			sourceTree = "<group>";
		};
		BBC1059C2A833F04001DD9BF /* App */ = {
			isa = PBXGroup;
			children = (
				BBC1058E2A833EB0001DD9BF /* TradlyApp.swift */,
				BB55C67B2A862F7D00A13DFC /* AppDelegate.swift */,
				BB17EB612A87649A0091023F /* AppState.swift */,
			);
			path = App;
			sourceTree = "<group>";
		};
		BBC1059D2A833F09001DD9BF /* Scenes */ = {
			isa = PBXGroup;
			children = (
				BBC105BD2A834A4E001DD9BF /* Launch */,
				BB55C6652A86092800A13DFC /* Auth */,
				BB55C6752A8609C500A13DFC /* Tab */,
			);
			path = Scenes;
			sourceTree = "<group>";
		};
		BBC1059E2A833F10001DD9BF /* Views */ = {
			isa = PBXGroup;
			children = (
				BBE48E192A84E0150059BF14 /* PrimaryTextField.swift */,
				BBE48E1B2A84E2E20059BF14 /* PrimaryButton.swift */,
				BB55C6622A85E58200A13DFC /* OTPView.swift */,
				BB17EB852A878E530091023F /* SearchTextField.swift */,
				BB17EB932A87AE9E0091023F /* OffsetScrollView.swift */,
				BB17EB952A87E4EC0091023F /* ToastView.swift */,
				BB17EB972A87E7B70091023F /* NavView.swift */,
			);
			path = Views;
			sourceTree = "<group>";
		};
		BBC1059F2A833F1C001DD9BF /* Utility */ = {
			isa = PBXGroup;
			children = (
				BBC105A62A834049001DD9BF /* Colors.swift */,
				BBC105A82A8344B7001DD9BF /* Images.swift */,
				BBC105C32A834AD2001DD9BF /* Fonts.swift */,
			);
			path = Utility;
			sourceTree = "<group>";
		};
		BBC105A02A833F27001DD9BF /* Resources */ = {
			isa = PBXGroup;
			children = (
				BBC105A12A833FE9001DD9BF /* Fonts */,
				BBC105922A833EB1001DD9BF /* Assets.xcassets */,
			);
			path = Resources;
			sourceTree = "<group>";
		};
		BBC105A12A833FE9001DD9BF /* Fonts */ = {
			isa = PBXGroup;
			children = (
				BB17EB7E2A878BE40091023F /* JetBrainsMono-Bold.ttf */,
				BB17EB7D2A878BE40091023F /* JetBrainsMono-Medium.ttf */,
				BB17EB802A878BE40091023F /* JetBrainsMono-Regular.ttf */,
				BB17EB7F2A878BE40091023F /* JetBrainsMono-SemiBold.ttf */,
			);
			path = Fonts;
			sourceTree = "<group>";
		};
		BBC105BD2A834A4E001DD9BF /* Launch */ = {
			isa = PBXGroup;
			children = (
				BB55C6642A86091B00A13DFC /* Launch */,
				BBC105C02A834A9A001DD9BF /* Onboarding */,
			);
			path = Launch;
			sourceTree = "<group>";
		};
		BBC105C02A834A9A001DD9BF /* Onboarding */ = {
			isa = PBXGroup;
			children = (
				BBC105C12A834AB8001DD9BF /* OnboardingView.swift */,
			);
			path = Onboarding;
			sourceTree = "<group>";
		};
		BBC105C52A8364FC001DD9BF /* Domain */ = {
			isa = PBXGroup;
			children = (
				BBC105C62A83650D001DD9BF /* OnboardingData.swift */,
				BB17EB872A87972F0091023F /* CategoryData.swift */,
			);
			path = Domain;
			sourceTree = "<group>";
		};
		BBE48E112A8494CB0059BF14 /* Login */ = {
			isa = PBXGroup;
			children = (
				BBE48E122A8494D60059BF14 /* LoginView.swift */,
			);
			path = Login;
			sourceTree = "<group>";
		};
		BBE48E142A84A6B30059BF14 /* Modifiers */ = {
			isa = PBXGroup;
			children = (
				BBE48E152A84A6C40059BF14 /* TextField.swift */,
			);
			path = Modifiers;
			sourceTree = "<group>";
		};
		BBE4CF912A85378F0005B2CA /* SignUp */ = {
			isa = PBXGroup;
			children = (
				BBE4CF922A8537A10005B2CA /* SignUpView.swift */,
			);
			path = SignUp;
			sourceTree = "<group>";
		};
/* End PBXGroup section */

/* Begin PBXNativeTarget section */
		BBC1058A2A833EB0001DD9BF /* Tradly */ = {
			isa = PBXNativeTarget;
			buildConfigurationList = BBC105992A833EB1001DD9BF /* Build configuration list for PBXNativeTarget "Tradly" */;
			buildPhases = (
				BBC105872A833EB0001DD9BF /* Sources */,
				BBC105882A833EB0001DD9BF /* Frameworks */,
				BBC105892A833EB0001DD9BF /* Resources */,
			);
			buildRules = (
			);
			dependencies = (
			);
			name = Tradly;
			productName = Tradly;
			productReference = BBC1058B2A833EB0001DD9BF /* Tradly.app */;
			productType = "com.apple.product-type.application";
		};
/* End PBXNativeTarget section */

/* Begin PBXProject section */
		BBC105832A833EB0001DD9BF /* Project object */ = {
			isa = PBXProject;
			attributes = {
				BuildIndependentTargetsInParallel = 1;
				LastSwiftUpdateCheck = 1420;
				LastUpgradeCheck = 1420;
				TargetAttributes = {
					BBC1058A2A833EB0001DD9BF = {
						CreatedOnToolsVersion = 14.2;
					};
				};
			};
			buildConfigurationList = BBC105862A833EB0001DD9BF /* Build configuration list for PBXProject "Tradly" */;
			compatibilityVersion = "Xcode 14.0";
			developmentRegion = en;
			hasScannedForEncodings = 0;
			knownRegions = (
				en,
				Base,
			);
			mainGroup = BBC105822A833EB0001DD9BF;
			productRefGroup = BBC1058C2A833EB0001DD9BF /* Products */;
			projectDirPath = "";
			projectRoot = "";
			targets = (
				BBC1058A2A833EB0001DD9BF /* Tradly */,
			);
		};
/* End PBXProject section */

/* Begin PBXResourcesBuildPhase section */
		BBC105892A833EB0001DD9BF /* Resources */ = {
			isa = PBXResourcesBuildPhase;
			buildActionMask = 2147483647;
			files = (
				BB17EB832A878BE40091023F /* JetBrainsMono-SemiBold.ttf in Resources */,
				BB17EB812A878BE40091023F /* JetBrainsMono-Medium.ttf in Resources */,
				BB17EB822A878BE40091023F /* JetBrainsMono-Bold.ttf in Resources */,
				BBC105962A833EB1001DD9BF /* Preview Assets.xcassets in Resources */,
				BBC105932A833EB1001DD9BF /* Assets.xcassets in Resources */,
				BB17EB842A878BE40091023F /* JetBrainsMono-Regular.ttf in Resources */,
			);
			runOnlyForDeploymentPostprocessing = 0;
		};
/* End PBXResourcesBuildPhase section */

/* Begin PBXSourcesBuildPhase section */
		BBC105872A833EB0001DD9BF /* Sources */ = {
			isa = PBXSourcesBuildPhase;
			buildActionMask = 2147483647;
			files = (
				BB55C67C2A862F7D00A13DFC /* AppDelegate.swift in Sources */,
				BBE48E1A2A84E0150059BF14 /* PrimaryTextField.swift in Sources */,
				BBE48E1C2A84E2E20059BF14 /* PrimaryButton.swift in Sources */,
				BBC105BF2A834A6E001DD9BF /* LaunchView.swift in Sources */,
				BB17EB922A87A6690091023F /* HomeStoreItemView.swift in Sources */,
				BBC105A92A8344B7001DD9BF /* Images.swift in Sources */,
				BBC105A72A834049001DD9BF /* Colors.swift in Sources */,
				BB17EB902A87A3840091023F /* HomeSecationHeaderView.swift in Sources */,
				BB55C66B2A86099200A13DFC /* BrowseView.swift in Sources */,
				BBC105C22A834AB8001DD9BF /* OnboardingView.swift in Sources */,
				BBC105C42A834AD2001DD9BF /* Fonts.swift in Sources */,
				BBC1058F2A833EB0001DD9BF /* TradlyApp.swift in Sources */,
				BBE4CF932A8537A10005B2CA /* SignUpView.swift in Sources */,
				BB4EB8D42A8552C500550B96 /* RequestOTPView.swift in Sources */,
				BB55C67A2A860A2D00A13DFC /* RootView.swift in Sources */,
				BBE48E162A84A6C40059BF14 /* TextField.swift in Sources */,
				BB17EB962A87E4EC0091023F /* ToastView.swift in Sources */,
				BB17EB8A2A87A2320091023F /* HomeBannerItemView.swift in Sources */,
				BB17EB982A87E7B70091023F /* NavView.swift in Sources */,
				BB55C6742A8609BE00A13DFC /* ProfileView.swift in Sources */,
				BB17EB8E2A87A2CF0091023F /* HomeProductItemView.swift in Sources */,
				BB55C6712A8609B300A13DFC /* OrderView.swift in Sources */,
				BB17EB882A87972F0091023F /* CategoryData.swift in Sources */,
				BB55C6632A85E58200A13DFC /* OTPView.swift in Sources */,
				BB17EB622A87649A0091023F /* AppState.swift in Sources */,
				BB55C6612A85DE5500A13DFC /* VerifyOTPView.swift in Sources */,
				BB55C6682A86097100A13DFC /* HomeView.swift in Sources */,
				BBE48E132A8494D60059BF14 /* LoginView.swift in Sources */,
				BB55C66E2A86099E00A13DFC /* StoreView.swift in Sources */,
				BB17EB942A87AE9E0091023F /* OffsetScrollView.swift in Sources */,
				BB17EB8C2A87A2650091023F /* HomeCategoryItemView.swift in Sources */,
				BBC105C72A83650D001DD9BF /* OnboardingData.swift in Sources */,
				BB17EB862A878E530091023F /* SearchTextField.swift in Sources */,
			);
			runOnlyForDeploymentPostprocessing = 0;
		};
/* End PBXSourcesBuildPhase section */

/* Begin XCBuildConfiguration section */
		BBC105972A833EB1001DD9BF /* Debug */ = {
			isa = XCBuildConfiguration;
			buildSettings = {
				ALWAYS_SEARCH_USER_PATHS = NO;
				CLANG_ANALYZER_NONNULL = YES;
				CLANG_ANALYZER_NUMBER_OBJECT_CONVERSION = YES_AGGRESSIVE;
				CLANG_CXX_LANGUAGE_STANDARD = "gnu++20";
				CLANG_ENABLE_MODULES = YES;
				CLANG_ENABLE_OBJC_ARC = YES;
				CLANG_ENABLE_OBJC_WEAK = YES;
				CLANG_WARN_BLOCK_CAPTURE_AUTORELEASING = YES;
				CLANG_WARN_BOOL_CONVERSION = YES;
				CLANG_WARN_COMMA = YES;
				CLANG_WARN_CONSTANT_CONVERSION = YES;
				CLANG_WARN_DEPRECATED_OBJC_IMPLEMENTATIONS = YES;
				CLANG_WARN_DIRECT_OBJC_ISA_USAGE = YES_ERROR;
				CLANG_WARN_DOCUMENTATION_COMMENTS = YES;
				CLANG_WARN_EMPTY_BODY = YES;
				CLANG_WARN_ENUM_CONVERSION = YES;
				CLANG_WARN_INFINITE_RECURSION = YES;
				CLANG_WARN_INT_CONVERSION = YES;
				CLANG_WARN_NON_LITERAL_NULL_CONVERSION = YES;
				CLANG_WARN_OBJC_IMPLICIT_RETAIN_SELF = YES;
				CLANG_WARN_OBJC_LITERAL_CONVERSION = YES;
				CLANG_WARN_OBJC_ROOT_CLASS = YES_ERROR;
				CLANG_WARN_QUOTED_INCLUDE_IN_FRAMEWORK_HEADER = YES;
				CLANG_WARN_RANGE_LOOP_ANALYSIS = YES;
				CLANG_WARN_STRICT_PROTOTYPES = YES;
				CLANG_WARN_SUSPICIOUS_MOVE = YES;
				CLANG_WARN_UNGUARDED_AVAILABILITY = YES_AGGRESSIVE;
				CLANG_WARN_UNREACHABLE_CODE = YES;
				CLANG_WARN__DUPLICATE_METHOD_MATCH = YES;
				COPY_PHASE_STRIP = NO;
				DEBUG_INFORMATION_FORMAT = dwarf;
				ENABLE_STRICT_OBJC_MSGSEND = YES;
				ENABLE_TESTABILITY = YES;
				GCC_C_LANGUAGE_STANDARD = gnu11;
				GCC_DYNAMIC_NO_PIC = NO;
				GCC_NO_COMMON_BLOCKS = YES;
				GCC_OPTIMIZATION_LEVEL = 0;
				GCC_PREPROCESSOR_DEFINITIONS = (
					"DEBUG=1",
					"$(inherited)",
				);
				GCC_WARN_64_TO_32_BIT_CONVERSION = YES;
				GCC_WARN_ABOUT_RETURN_TYPE = YES_ERROR;
				GCC_WARN_UNDECLARED_SELECTOR = YES;
				GCC_WARN_UNINITIALIZED_AUTOS = YES_AGGRESSIVE;
				GCC_WARN_UNUSED_FUNCTION = YES;
				GCC_WARN_UNUSED_VARIABLE = YES;
				GENERATE_INFOPLIST_FILE = YES;
				INFOPLIST_FILE = "";
				IPHONEOS_DEPLOYMENT_TARGET = 14.0;
				MTL_ENABLE_DEBUG_INFO = INCLUDE_SOURCE;
				MTL_FAST_MATH = YES;
				ONLY_ACTIVE_ARCH = YES;
				SDKROOT = iphoneos;
				SWIFT_ACTIVE_COMPILATION_CONDITIONS = DEBUG;
				SWIFT_OPTIMIZATION_LEVEL = "-Onone";
			};
			name = Debug;
		};
		BBC105982A833EB1001DD9BF /* Release */ = {
			isa = XCBuildConfiguration;
			buildSettings = {
				ALWAYS_SEARCH_USER_PATHS = NO;
				CLANG_ANALYZER_NONNULL = YES;
				CLANG_ANALYZER_NUMBER_OBJECT_CONVERSION = YES_AGGRESSIVE;
				CLANG_CXX_LANGUAGE_STANDARD = "gnu++20";
				CLANG_ENABLE_MODULES = YES;
				CLANG_ENABLE_OBJC_ARC = YES;
				CLANG_ENABLE_OBJC_WEAK = YES;
				CLANG_WARN_BLOCK_CAPTURE_AUTORELEASING = YES;
				CLANG_WARN_BOOL_CONVERSION = YES;
				CLANG_WARN_COMMA = YES;
				CLANG_WARN_CONSTANT_CONVERSION = YES;
				CLANG_WARN_DEPRECATED_OBJC_IMPLEMENTATIONS = YES;
				CLANG_WARN_DIRECT_OBJC_ISA_USAGE = YES_ERROR;
				CLANG_WARN_DOCUMENTATION_COMMENTS = YES;
				CLANG_WARN_EMPTY_BODY = YES;
				CLANG_WARN_ENUM_CONVERSION = YES;
				CLANG_WARN_INFINITE_RECURSION = YES;
				CLANG_WARN_INT_CONVERSION = YES;
				CLANG_WARN_NON_LITERAL_NULL_CONVERSION = YES;
				CLANG_WARN_OBJC_IMPLICIT_RETAIN_SELF = YES;
				CLANG_WARN_OBJC_LITERAL_CONVERSION = YES;
				CLANG_WARN_OBJC_ROOT_CLASS = YES_ERROR;
				CLANG_WARN_QUOTED_INCLUDE_IN_FRAMEWORK_HEADER = YES;
				CLANG_WARN_RANGE_LOOP_ANALYSIS = YES;
				CLANG_WARN_STRICT_PROTOTYPES = YES;
				CLANG_WARN_SUSPICIOUS_MOVE = YES;
				CLANG_WARN_UNGUARDED_AVAILABILITY = YES_AGGRESSIVE;
				CLANG_WARN_UNREACHABLE_CODE = YES;
				CLANG_WARN__DUPLICATE_METHOD_MATCH = YES;
				COPY_PHASE_STRIP = NO;
				DEBUG_INFORMATION_FORMAT = "dwarf-with-dsym";
				ENABLE_NS_ASSERTIONS = NO;
				ENABLE_STRICT_OBJC_MSGSEND = YES;
				GCC_C_LANGUAGE_STANDARD = gnu11;
				GCC_NO_COMMON_BLOCKS = YES;
				GCC_WARN_64_TO_32_BIT_CONVERSION = YES;
				GCC_WARN_ABOUT_RETURN_TYPE = YES_ERROR;
				GCC_WARN_UNDECLARED_SELECTOR = YES;
				GCC_WARN_UNINITIALIZED_AUTOS = YES_AGGRESSIVE;
				GCC_WARN_UNUSED_FUNCTION = YES;
				GCC_WARN_UNUSED_VARIABLE = YES;
				GENERATE_INFOPLIST_FILE = YES;
				INFOPLIST_FILE = "";
				IPHONEOS_DEPLOYMENT_TARGET = 14.0;
				MTL_ENABLE_DEBUG_INFO = NO;
				MTL_FAST_MATH = YES;
				SDKROOT = iphoneos;
				SWIFT_COMPILATION_MODE = wholemodule;
				SWIFT_OPTIMIZATION_LEVEL = "-O";
				VALIDATE_PRODUCT = YES;
			};
			name = Release;
		};
		BBC1059A2A833EB1001DD9BF /* Debug */ = {
			isa = XCBuildConfiguration;
			buildSettings = {
				ASSETCATALOG_COMPILER_APPICON_NAME = AppIcon;
				ASSETCATALOG_COMPILER_GLOBAL_ACCENT_COLOR_NAME = AccentColor;
				CODE_SIGN_IDENTITY = "Apple Development";
				CODE_SIGN_STYLE = Automatic;
				CURRENT_PROJECT_VERSION = 1;
				DEVELOPMENT_ASSET_PATHS = "\"Tradly/Preview Content\"";
				DEVELOPMENT_TEAM = M8KYUAJA4P;
				ENABLE_PREVIEWS = YES;
				GENERATE_INFOPLIST_FILE = YES;
				INFOPLIST_FILE = Tradly/Info.plist;
				INFOPLIST_KEY_UIApplicationSceneManifest_Generation = YES;
				INFOPLIST_KEY_UIApplicationSupportsIndirectInputEvents = YES;
				INFOPLIST_KEY_UILaunchScreen_Generation = YES;
				INFOPLIST_KEY_UISupportedInterfaceOrientations = UIInterfaceOrientationPortrait;
				INFOPLIST_KEY_UISupportedInterfaceOrientations_iPad = "UIInterfaceOrientationLandscapeLeft UIInterfaceOrientationLandscapeRight UIInterfaceOrientationPortrait UIInterfaceOrientationPortraitUpsideDown";
				LD_RUNPATH_SEARCH_PATHS = (
					"$(inherited)",
					"@executable_path/Frameworks",
				);
				MARKETING_VERSION = 1.0;
				PRODUCT_BUNDLE_IDENTIFIER = com.kyawsawthu.tradly;
				PRODUCT_NAME = "$(TARGET_NAME)";
				PROVISIONING_PROFILE_SPECIFIER = "";
				SUPPORTED_PLATFORMS = "iphoneos iphonesimulator";
				SUPPORTS_MACCATALYST = NO;
				SUPPORTS_MAC_DESIGNED_FOR_IPHONE_IPAD = YES;
				SWIFT_EMIT_LOC_STRINGS = YES;
				SWIFT_VERSION = 5.0;
				TARGETED_DEVICE_FAMILY = 1;
			};
			name = Debug;
		};
		BBC1059B2A833EB1001DD9BF /* Release */ = {
			isa = XCBuildConfiguration;
			buildSettings = {
				ASSETCATALOG_COMPILER_APPICON_NAME = AppIcon;
				ASSETCATALOG_COMPILER_GLOBAL_ACCENT_COLOR_NAME = AccentColor;
				CODE_SIGN_IDENTITY = "Apple Development";
				CODE_SIGN_STYLE = Automatic;
				CURRENT_PROJECT_VERSION = 1;
				DEVELOPMENT_ASSET_PATHS = "\"Tradly/Preview Content\"";
				DEVELOPMENT_TEAM = M8KYUAJA4P;
				ENABLE_PREVIEWS = YES;
				GENERATE_INFOPLIST_FILE = YES;
				INFOPLIST_FILE = Tradly/Info.plist;
				INFOPLIST_KEY_UIApplicationSceneManifest_Generation = YES;
				INFOPLIST_KEY_UIApplicationSupportsIndirectInputEvents = YES;
				INFOPLIST_KEY_UILaunchScreen_Generation = YES;
				INFOPLIST_KEY_UISupportedInterfaceOrientations = UIInterfaceOrientationPortrait;
				INFOPLIST_KEY_UISupportedInterfaceOrientations_iPad = "UIInterfaceOrientationLandscapeLeft UIInterfaceOrientationLandscapeRight UIInterfaceOrientationPortrait UIInterfaceOrientationPortraitUpsideDown";
				LD_RUNPATH_SEARCH_PATHS = (
					"$(inherited)",
					"@executable_path/Frameworks",
				);
				MARKETING_VERSION = 1.0;
				PRODUCT_BUNDLE_IDENTIFIER = com.kyawsawthu.tradly;
				PRODUCT_NAME = "$(TARGET_NAME)";
				PROVISIONING_PROFILE_SPECIFIER = "";
				SUPPORTED_PLATFORMS = "iphoneos iphonesimulator";
				SUPPORTS_MACCATALYST = NO;
				SUPPORTS_MAC_DESIGNED_FOR_IPHONE_IPAD = YES;
				SWIFT_EMIT_LOC_STRINGS = YES;
				SWIFT_VERSION = 5.0;
				TARGETED_DEVICE_FAMILY = 1;
			};
			name = Release;
		};
/* End XCBuildConfiguration section */

/* Begin XCConfigurationList section */
		BBC105862A833EB0001DD9BF /* Build configuration list for PBXProject "Tradly" */ = {
			isa = XCConfigurationList;
			buildConfigurations = (
				BBC105972A833EB1001DD9BF /* Debug */,
				BBC105982A833EB1001DD9BF /* Release */,
			);
			defaultConfigurationIsVisible = 0;
			defaultConfigurationName = Release;
		};
		BBC105992A833EB1001DD9BF /* Build configuration list for PBXNativeTarget "Tradly" */ = {
			isa = XCConfigurationList;
			buildConfigurations = (
				BBC1059A2A833EB1001DD9BF /* Debug */,
				BBC1059B2A833EB1001DD9BF /* Release */,
			);
			defaultConfigurationIsVisible = 0;
			defaultConfigurationName = Release;
		};
/* End XCConfigurationList section */
	};
	rootObject = BBC105832A833EB0001DD9BF /* Project object */;
}
