{
  "pins" : [
    {
      "identity" : "alamofire",
      "kind" : "remoteSourceControl",
      "location" : "https://github.com/Alamofire/Alamofire",
      "state" : {
        "revision" : "bc268c28fb170f494de9e9927c371b8342979ece",
        "version" : "5.7.1"
      }
    },
    {
      "identity" : "combineext",
      "kind" : "remoteSourceControl",
      "location" : "https://github.com/CombineCommunity/CombineExt",
      "state" : {
        "revision" : "d7b896fa9ca8b47fa7bcde6b43ef9b70bf8c1f56",
        "version" : "1.8.1"
      }
    }
  ],
  "version" : 2
}
